// !$*UTF8*$!
{
	archiveVersion = 1;
	classes = {
	};
	objectVersion = 46;
	objects = {

/* Begin PBXBuildFile section */
		558EE07027D546AEB0CD9801 /* Pods_touchTests.framework in Frameworks */ = {isa = PBXBuildFile; fileRef = BE7BC29BDF355DA6F1B1C193 /* Pods_touchTests.framework */; };
		C9581C3637ADF3340E8C4157 /* Pods_touch.framework in Frameworks */ = {isa = PBXBuildFile; fileRef = 006886736E550A643F2E830C /* Pods_touch.framework */; };
		FA0847891C7C62CE0058FB57 /* Utils.swift in Sources */ = {isa = PBXBuildFile; fileRef = FA0847881C7C62CE0058FB57 /* Utils.swift */; settings = {ASSET_TAGS = (); }; };
		FA2E03801C837E610016E14A /* LoginModel.swift in Sources */ = {isa = PBXBuildFile; fileRef = FA2E037F1C837E610016E14A /* LoginModel.swift */; settings = {ASSET_TAGS = (); }; };
		FA3F5B1D1C855A3B00B7180A /* Localizable.strings in Resources */ = {isa = PBXBuildFile; fileRef = FA3F5B1B1C855A3B00B7180A /* Localizable.strings */; settings = {ASSET_TAGS = (); }; };
		FA3F5B241C855A6400B7180A /* Poppins-Bold.ttf in Resources */ = {isa = PBXBuildFile; fileRef = FA3F5B1F1C855A6300B7180A /* Poppins-Bold.ttf */; settings = {ASSET_TAGS = (); }; };
		FA3F5B251C855A6400B7180A /* Poppins-Light.ttf in Resources */ = {isa = PBXBuildFile; fileRef = FA3F5B201C855A6300B7180A /* Poppins-Light.ttf */; settings = {ASSET_TAGS = (); }; };
		FA3F5B261C855A6400B7180A /* Poppins-Medium.ttf in Resources */ = {isa = PBXBuildFile; fileRef = FA3F5B211C855A6300B7180A /* Poppins-Medium.ttf */; settings = {ASSET_TAGS = (); }; };
		FA3F5B271C855A6400B7180A /* Poppins-Regular.ttf in Resources */ = {isa = PBXBuildFile; fileRef = FA3F5B221C855A6300B7180A /* Poppins-Regular.ttf */; settings = {ASSET_TAGS = (); }; };
		FA3F5B281C855A6400B7180A /* Poppins-SemiBold.ttf in Resources */ = {isa = PBXBuildFile; fileRef = FA3F5B231C855A6300B7180A /* Poppins-SemiBold.ttf */; settings = {ASSET_TAGS = (); }; };
		FA3F5B2A1C855A6E00B7180A /* Assets.xcassets in Resources */ = {isa = PBXBuildFile; fileRef = FA3F5B291C855A6E00B7180A /* Assets.xcassets */; settings = {ASSET_TAGS = (); }; };
		FA3F5B2D1C855A8900B7180A /* Api.swift in Sources */ = {isa = PBXBuildFile; fileRef = FA3F5B2B1C855A8900B7180A /* Api.swift */; settings = {ASSET_TAGS = (); }; };
		FA3F5B2E1C855A8900B7180A /* WebAPI.swift in Sources */ = {isa = PBXBuildFile; fileRef = FA3F5B2C1C855A8900B7180A /* WebAPI.swift */; settings = {ASSET_TAGS = (); }; };
		FA3F5B311C855A9F00B7180A /* AppDelegate.swift in Sources */ = {isa = PBXBuildFile; fileRef = FA3F5B2F1C855A9F00B7180A /* AppDelegate.swift */; settings = {ASSET_TAGS = (); }; };
		FA3F5B361C855AC700B7180A /* LoginController.swift in Sources */ = {isa = PBXBuildFile; fileRef = FA3F5B331C855AC700B7180A /* LoginController.swift */; settings = {ASSET_TAGS = (); }; };
		FA3F5B371C855AC700B7180A /* PhoneVerificationController.swift in Sources */ = {isa = PBXBuildFile; fileRef = FA3F5B341C855AC700B7180A /* PhoneVerificationController.swift */; settings = {ASSET_TAGS = (); }; };
		FA3F5B381C855AC700B7180A /* SignUpController.swift in Sources */ = {isa = PBXBuildFile; fileRef = FA3F5B351C855AC700B7180A /* SignUpController.swift */; settings = {ASSET_TAGS = (); }; };
		FA3F5B3A1C855ACF00B7180A /* CountryPickerController.swift in Sources */ = {isa = PBXBuildFile; fileRef = FA3F5B391C855ACF00B7180A /* CountryPickerController.swift */; settings = {ASSET_TAGS = (); }; };
		FA3F5B5B1C855B8000B7180A /* Common.storyboard in Resources */ = {isa = PBXBuildFile; fileRef = FA3F5B5D1C855B8000B7180A /* Common.storyboard */; };
		FA3F5B601C855B8A00B7180A /* LaunchScreen.storyboard in Resources */ = {isa = PBXBuildFile; fileRef = FA3F5B621C855B8A00B7180A /* LaunchScreen.storyboard */; };
		FA3F5B651C855B9900B7180A /* Login.storyboard in Resources */ = {isa = PBXBuildFile; fileRef = FA3F5B671C855B9900B7180A /* Login.storyboard */; };
		FA3F5B6A1C855BA700B7180A /* Main.storyboard in Resources */ = {isa = PBXBuildFile; fileRef = FA3F5B6C1C855BA700B7180A /* Main.storyboard */; };
		FA3F5B701C855BD500B7180A /* CountryPickerViewCell.swift in Sources */ = {isa = PBXBuildFile; fileRef = FA3F5B6F1C855BD500B7180A /* CountryPickerViewCell.swift */; settings = {ASSET_TAGS = (); }; };
		FA3F5B721C855BE200B7180A /* AppUser.swift in Sources */ = {isa = PBXBuildFile; fileRef = FA3F5B711C855BE200B7180A /* AppUser.swift */; settings = {ASSET_TAGS = (); }; };
		FA3F5B751C855C0400B7180A /* touch.xcdatamodeld in Sources */ = {isa = PBXBuildFile; fileRef = FA3F5B731C855C0400B7180A /* touch.xcdatamodeld */; settings = {ASSET_TAGS = (); }; };
		FA50216F1C8D8C420095589F /* TextUtils.swift in Sources */ = {isa = PBXBuildFile; fileRef = FA50216E1C8D8C420095589F /* TextUtils.swift */; settings = {ASSET_TAGS = (); }; };
		FA5021711C8D8D1C0095589F /* UIUtils.swift in Sources */ = {isa = PBXBuildFile; fileRef = FA5021701C8D8D1C0095589F /* UIUtils.swift */; settings = {ASSET_TAGS = (); }; };
		FA5021731C8E07D90095589F /* Json.swift in Sources */ = {isa = PBXBuildFile; fileRef = FA5021721C8E07D90095589F /* Json.swift */; settings = {ASSET_TAGS = (); }; };
		FA8DF7241C8B78C90048DE4D /* PhoneConfirmationController.swift in Sources */ = {isa = PBXBuildFile; fileRef = FA8DF7231C8B78C90048DE4D /* PhoneConfirmationController.swift */; settings = {ASSET_TAGS = (); }; };
		FA8DF7261C8C8E950048DE4D /* RemoteJsonAPI.swift in Sources */ = {isa = PBXBuildFile; fileRef = FA8DF7251C8C8E950048DE4D /* RemoteJsonAPI.swift */; settings = {ASSET_TAGS = (); }; };
		FAA0753E1C75B8CF004BA66C /* .gitignore in Resources */ = {isa = PBXBuildFile; fileRef = FAA0753D1C75B8CF004BA66C /* .gitignore */; settings = {ASSET_TAGS = (); }; };
		FAFE898F1C7A5AD200B3F1AC /* AppUserSpec.swift in Sources */ = {isa = PBXBuildFile; fileRef = FAFE898E1C7A5AD200B3F1AC /* AppUserSpec.swift */; settings = {ASSET_TAGS = (); }; };
/* End PBXBuildFile section */

/* Begin PBXContainerItemProxy section */
		FA9D68601C75AA8100C415B0 /* PBXContainerItemProxy */ = {
			isa = PBXContainerItemProxy;
			containerPortal = FA9D68401C75AA8100C415B0 /* Project object */;
			proxyType = 1;
			remoteGlobalIDString = FA9D68471C75AA8100C415B0;
			remoteInfo = touch;
		};
		FA9D686B1C75AA8100C415B0 /* PBXContainerItemProxy */ = {
			isa = PBXContainerItemProxy;
			containerPortal = FA9D68401C75AA8100C415B0 /* Project object */;
			proxyType = 1;
			remoteGlobalIDString = FA9D68471C75AA8100C415B0;
			remoteInfo = touch;
		};
/* End PBXContainerItemProxy section */

/* Begin PBXFileReference section */
		006886736E550A643F2E830C /* Pods_touch.framework */ = {isa = PBXFileReference; explicitFileType = wrapper.framework; includeInIndex = 0; path = Pods_touch.framework; sourceTree = BUILT_PRODUCTS_DIR; };
		150DAE23696790EC0CF90F8A /* Pods-touch.debug.xcconfig */ = {isa = PBXFileReference; includeInIndex = 1; lastKnownFileType = text.xcconfig; name = "Pods-touch.debug.xcconfig"; path = "Pods/Target Support Files/Pods-touch/Pods-touch.debug.xcconfig"; sourceTree = "<group>"; };
		7CFE1BAF65024DBD2D629132 /* Pods-touchTests.release.xcconfig */ = {isa = PBXFileReference; includeInIndex = 1; lastKnownFileType = text.xcconfig; name = "Pods-touchTests.release.xcconfig"; path = "Pods/Target Support Files/Pods-touchTests/Pods-touchTests.release.xcconfig"; sourceTree = "<group>"; };
		95E3D31E9C3386D17E06475B /* Pods-touchTests.debug.xcconfig */ = {isa = PBXFileReference; includeInIndex = 1; lastKnownFileType = text.xcconfig; name = "Pods-touchTests.debug.xcconfig"; path = "Pods/Target Support Files/Pods-touchTests/Pods-touchTests.debug.xcconfig"; sourceTree = "<group>"; };
		B2CDC3835861066F942CE484 /* Pods-touch.release.xcconfig */ = {isa = PBXFileReference; includeInIndex = 1; lastKnownFileType = text.xcconfig; name = "Pods-touch.release.xcconfig"; path = "Pods/Target Support Files/Pods-touch/Pods-touch.release.xcconfig"; sourceTree = "<group>"; };
		BE7BC29BDF355DA6F1B1C193 /* Pods_touchTests.framework */ = {isa = PBXFileReference; explicitFileType = wrapper.framework; includeInIndex = 0; path = Pods_touchTests.framework; sourceTree = BUILT_PRODUCTS_DIR; };
		FA0847881C7C62CE0058FB57 /* Utils.swift */ = {isa = PBXFileReference; fileEncoding = 4; lastKnownFileType = sourcecode.swift; name = Utils.swift; path = utils/Utils.swift; sourceTree = "<group>"; };
		FA2E037F1C837E610016E14A /* LoginModel.swift */ = {isa = PBXFileReference; fileEncoding = 4; lastKnownFileType = sourcecode.swift; name = LoginModel.swift; path = model/login/LoginModel.swift; sourceTree = "<group>"; };
		FA3F5B1C1C855A3B00B7180A /* Base */ = {isa = PBXFileReference; lastKnownFileType = text.plist.strings; name = Base; path = touch/resources/i18n/Base.lproj/Localizable.strings; sourceTree = "<group>"; };
		FA3F5B1E1C855A4600B7180A /* ru */ = {isa = PBXFileReference; lastKnownFileType = text.plist.strings; name = ru; path = touch/resources/i18n/ru.lproj/Localizable.strings; sourceTree = "<group>"; };
		FA3F5B1F1C855A6300B7180A /* Poppins-Bold.ttf */ = {isa = PBXFileReference; lastKnownFileType = file; name = "Poppins-Bold.ttf"; path = "touch/resources/Poppins-Bold.ttf"; sourceTree = "<group>"; };
		FA3F5B201C855A6300B7180A /* Poppins-Light.ttf */ = {isa = PBXFileReference; lastKnownFileType = file; name = "Poppins-Light.ttf"; path = "touch/resources/Poppins-Light.ttf"; sourceTree = "<group>"; };
		FA3F5B211C855A6300B7180A /* Poppins-Medium.ttf */ = {isa = PBXFileReference; lastKnownFileType = file; name = "Poppins-Medium.ttf"; path = "touch/resources/Poppins-Medium.ttf"; sourceTree = "<group>"; };
		FA3F5B221C855A6300B7180A /* Poppins-Regular.ttf */ = {isa = PBXFileReference; lastKnownFileType = file; name = "Poppins-Regular.ttf"; path = "touch/resources/Poppins-Regular.ttf"; sourceTree = "<group>"; };
		FA3F5B231C855A6300B7180A /* Poppins-SemiBold.ttf */ = {isa = PBXFileReference; lastKnownFileType = file; name = "Poppins-SemiBold.ttf"; path = "touch/resources/Poppins-SemiBold.ttf"; sourceTree = "<group>"; };
		FA3F5B291C855A6E00B7180A /* Assets.xcassets */ = {isa = PBXFileReference; lastKnownFileType = folder.assetcatalog; name = Assets.xcassets; path = touch/resources/Assets.xcassets; sourceTree = "<group>"; };
		FA3F5B2B1C855A8900B7180A /* Api.swift */ = {isa = PBXFileReference; fileEncoding = 4; lastKnownFileType = sourcecode.swift; name = Api.swift; path = api/Api.swift; sourceTree = "<group>"; };
		FA3F5B2C1C855A8900B7180A /* WebAPI.swift */ = {isa = PBXFileReference; fileEncoding = 4; lastKnownFileType = sourcecode.swift; name = WebAPI.swift; path = api/WebAPI.swift; sourceTree = "<group>"; };
		FA3F5B2F1C855A9F00B7180A /* AppDelegate.swift */ = {isa = PBXFileReference; fileEncoding = 4; lastKnownFileType = sourcecode.swift; name = AppDelegate.swift; path = app/AppDelegate.swift; sourceTree = "<group>"; };
		FA3F5B331C855AC700B7180A /* LoginController.swift */ = {isa = PBXFileReference; fileEncoding = 4; lastKnownFileType = sourcecode.swift; name = LoginController.swift; path = controller/login/LoginController.swift; sourceTree = "<group>"; };
		FA3F5B341C855AC700B7180A /* PhoneVerificationController.swift */ = {isa = PBXFileReference; fileEncoding = 4; lastKnownFileType = sourcecode.swift; name = PhoneVerificationController.swift; path = controller/login/PhoneVerificationController.swift; sourceTree = "<group>"; };
		FA3F5B351C855AC700B7180A /* SignUpController.swift */ = {isa = PBXFileReference; fileEncoding = 4; lastKnownFileType = sourcecode.swift; name = SignUpController.swift; path = controller/login/SignUpController.swift; sourceTree = "<group>"; };
		FA3F5B391C855ACF00B7180A /* CountryPickerController.swift */ = {isa = PBXFileReference; fileEncoding = 4; lastKnownFileType = sourcecode.swift; name = CountryPickerController.swift; path = controller/shared/CountryPickerController.swift; sourceTree = "<group>"; };
		FA3F5B5C1C855B8000B7180A /* Base */ = {isa = PBXFileReference; lastKnownFileType = file.storyboard; name = Base; path = Base.lproj/Common.storyboard; sourceTree = "<group>"; };
		FA3F5B5F1C855B8300B7180A /* ru */ = {isa = PBXFileReference; lastKnownFileType = text.plist.strings; name = ru; path = ru.lproj/Common.strings; sourceTree = "<group>"; };
		FA3F5B611C855B8A00B7180A /* Base */ = {isa = PBXFileReference; lastKnownFileType = file.storyboard; name = Base; path = Base.lproj/LaunchScreen.storyboard; sourceTree = "<group>"; };
		FA3F5B641C855B9300B7180A /* ru */ = {isa = PBXFileReference; lastKnownFileType = text.plist.strings; name = ru; path = ru.lproj/LaunchScreen.strings; sourceTree = "<group>"; };
		FA3F5B661C855B9900B7180A /* Base */ = {isa = PBXFileReference; lastKnownFileType = file.storyboard; name = Base; path = Base.lproj/Login.storyboard; sourceTree = "<group>"; };
		FA3F5B691C855B9C00B7180A /* ru */ = {isa = PBXFileReference; lastKnownFileType = text.plist.strings; name = ru; path = ru.lproj/Login.strings; sourceTree = "<group>"; };
		FA3F5B6B1C855BA700B7180A /* Base */ = {isa = PBXFileReference; lastKnownFileType = file.storyboard; name = Base; path = Base.lproj/Main.storyboard; sourceTree = "<group>"; };
		FA3F5B6E1C855BAA00B7180A /* ru */ = {isa = PBXFileReference; lastKnownFileType = text.plist.strings; name = ru; path = ru.lproj/Main.strings; sourceTree = "<group>"; };
		FA3F5B6F1C855BD500B7180A /* CountryPickerViewCell.swift */ = {isa = PBXFileReference; fileEncoding = 4; lastKnownFileType = sourcecode.swift; name = CountryPickerViewCell.swift; path = view/shared/CountryPickerViewCell.swift; sourceTree = "<group>"; };
		FA3F5B711C855BE200B7180A /* AppUser.swift */ = {isa = PBXFileReference; fileEncoding = 4; lastKnownFileType = sourcecode.swift; name = AppUser.swift; path = model/AppUser.swift; sourceTree = "<group>"; };
		FA3F5B741C855C0400B7180A /* touch.xcdatamodel */ = {isa = PBXFileReference; lastKnownFileType = wrapper.xcdatamodel; path = touch.xcdatamodel; sourceTree = "<group>"; };
		FA3F5B781C855CBF00B7180A /* Info.plist */ = {isa = PBXFileReference; fileEncoding = 4; lastKnownFileType = text.plist.xml; path = Info.plist; sourceTree = "<group>"; };
		FA50216E1C8D8C420095589F /* TextUtils.swift */ = {isa = PBXFileReference; fileEncoding = 4; lastKnownFileType = sourcecode.swift; name = TextUtils.swift; path = utils/TextUtils.swift; sourceTree = "<group>"; };
		FA5021701C8D8D1C0095589F /* UIUtils.swift */ = {isa = PBXFileReference; fileEncoding = 4; lastKnownFileType = sourcecode.swift; name = UIUtils.swift; path = utils/UIUtils.swift; sourceTree = "<group>"; };
		FA5021721C8E07D90095589F /* Json.swift */ = {isa = PBXFileReference; fileEncoding = 4; lastKnownFileType = sourcecode.swift; name = Json.swift; path = api/Json.swift; sourceTree = "<group>"; };
		FA8DF7231C8B78C90048DE4D /* PhoneConfirmationController.swift */ = {isa = PBXFileReference; fileEncoding = 4; lastKnownFileType = sourcecode.swift; name = PhoneConfirmationController.swift; path = controller/login/PhoneConfirmationController.swift; sourceTree = "<group>"; };
		FA8DF7251C8C8E950048DE4D /* RemoteJsonAPI.swift */ = {isa = PBXFileReference; fileEncoding = 4; lastKnownFileType = sourcecode.swift; name = RemoteJsonAPI.swift; path = api/RemoteJsonAPI.swift; sourceTree = "<group>"; };
		FA9D68481C75AA8100C415B0 /* touch.app */ = {isa = PBXFileReference; explicitFileType = wrapper.application; includeInIndex = 0; path = touch.app; sourceTree = BUILT_PRODUCTS_DIR; };
		FA9D685F1C75AA8100C415B0 /* touchTests.xctest */ = {isa = PBXFileReference; explicitFileType = wrapper.cfbundle; includeInIndex = 0; path = touchTests.xctest; sourceTree = BUILT_PRODUCTS_DIR; };
		FA9D68651C75AA8100C415B0 /* Info.plist */ = {isa = PBXFileReference; lastKnownFileType = text.plist.xml; path = Info.plist; sourceTree = "<group>"; };
		FA9D686A1C75AA8100C415B0 /* touchUITests.xctest */ = {isa = PBXFileReference; explicitFileType = wrapper.cfbundle; includeInIndex = 0; path = touchUITests.xctest; sourceTree = BUILT_PRODUCTS_DIR; };
		FA9D68701C75AA8100C415B0 /* Info.plist */ = {isa = PBXFileReference; lastKnownFileType = text.plist.xml; path = Info.plist; sourceTree = "<group>"; };
		FAA0753D1C75B8CF004BA66C /* .gitignore */ = {isa = PBXFileReference; fileEncoding = 4; lastKnownFileType = text; path = .gitignore; sourceTree = "<group>"; };
		FAFE898E1C7A5AD200B3F1AC /* AppUserSpec.swift */ = {isa = PBXFileReference; fileEncoding = 4; lastKnownFileType = sourcecode.swift; name = AppUserSpec.swift; path = models/AppUserSpec.swift; sourceTree = "<group>"; };
/* End PBXFileReference section */

/* Begin PBXFrameworksBuildPhase section */
		FA9D68451C75AA8100C415B0 /* Frameworks */ = {
			isa = PBXFrameworksBuildPhase;
			buildActionMask = 2147483647;
			files = (
				C9581C3637ADF3340E8C4157 /* Pods_touch.framework in Frameworks */,
			);
			runOnlyForDeploymentPostprocessing = 0;
		};
		FA9D685C1C75AA8100C415B0 /* Frameworks */ = {
			isa = PBXFrameworksBuildPhase;
			buildActionMask = 2147483647;
			files = (
				558EE07027D546AEB0CD9801 /* Pods_touchTests.framework in Frameworks */,
			);
			runOnlyForDeploymentPostprocessing = 0;
		};
		FA9D68671C75AA8100C415B0 /* Frameworks */ = {
			isa = PBXFrameworksBuildPhase;
			buildActionMask = 2147483647;
			files = (
			);
			runOnlyForDeploymentPostprocessing = 0;
		};
/* End PBXFrameworksBuildPhase section */

/* Begin PBXGroup section */
		1BB8FBBB040BC81592508CA8 /* Pods */ = {
			isa = PBXGroup;
			children = (
				150DAE23696790EC0CF90F8A /* Pods-touch.debug.xcconfig */,
				B2CDC3835861066F942CE484 /* Pods-touch.release.xcconfig */,
				95E3D31E9C3386D17E06475B /* Pods-touchTests.debug.xcconfig */,
				7CFE1BAF65024DBD2D629132 /* Pods-touchTests.release.xcconfig */,
			);
			name = Pods;
			sourceTree = "<group>";
		};
		9E2F1DB602CCB45587BCA6C6 /* Frameworks */ = {
			isa = PBXGroup;
			children = (
				006886736E550A643F2E830C /* Pods_touch.framework */,
				BE7BC29BDF355DA6F1B1C193 /* Pods_touchTests.framework */,
			);
			name = Frameworks;
			sourceTree = "<group>";
		};
		FA0847871C7C629F0058FB57 /* utils */ = {
			isa = PBXGroup;
			children = (
				FA0847881C7C62CE0058FB57 /* Utils.swift */,
				FA50216E1C8D8C420095589F /* TextUtils.swift */,
				FA5021701C8D8D1C0095589F /* UIUtils.swift */,
			);
			name = utils;
			sourceTree = "<group>";
		};
		FA3F5B191C85566F00B7180A /* storyboards */ = {
			isa = PBXGroup;
			children = (
				FA3F5B5D1C855B8000B7180A /* Common.storyboard */,
				FA3F5B621C855B8A00B7180A /* LaunchScreen.storyboard */,
				FA3F5B671C855B9900B7180A /* Login.storyboard */,
				FA3F5B6C1C855BA700B7180A /* Main.storyboard */,
			);
			name = storyboards;
			sourceTree = "<group>";
		};
		FA9D683F1C75AA8100C415B0 = {
			isa = PBXGroup;
			children = (
				FAA0753D1C75B8CF004BA66C /* .gitignore */,
				FA9D684A1C75AA8100C415B0 /* touch */,
				FA9D68621C75AA8100C415B0 /* touchTests */,
				FA9D686D1C75AA8100C415B0 /* touchUITests */,
				FA9D68491C75AA8100C415B0 /* Products */,
				1BB8FBBB040BC81592508CA8 /* Pods */,
				9E2F1DB602CCB45587BCA6C6 /* Frameworks */,
			);
			sourceTree = "<group>";
		};
		FA9D68491C75AA8100C415B0 /* Products */ = {
			isa = PBXGroup;
			children = (
				FA9D68481C75AA8100C415B0 /* touch.app */,
				FA9D685F1C75AA8100C415B0 /* touchTests.xctest */,
				FA9D686A1C75AA8100C415B0 /* touchUITests.xctest */,
			);
			name = Products;
			sourceTree = "<group>";
		};
		FA9D684A1C75AA8100C415B0 /* touch */ = {
			isa = PBXGroup;
			children = (
				FAFE89901C7B15B300B3F1AC /* api */,
				FAC247D51C76193000666E5C /* app */,
				FAC247D41C76192700666E5C /* controller */,
				FAC247D21C76191A00666E5C /* model */,
				FAC247DB1C76252B00666E5C /* resources */,
				FA0847871C7C629F0058FB57 /* utils */,
				FAC247D31C76192000666E5C /* view */,
			);
			path = touch;
			sourceTree = "<group>";
		};
		FA9D68621C75AA8100C415B0 /* touchTests */ = {
			isa = PBXGroup;
			children = (
				FAFE898D1C7A5AB500B3F1AC /* model */,
				FA9D68651C75AA8100C415B0 /* Info.plist */,
			);
			path = touchTests;
			sourceTree = "<group>";
		};
		FA9D686D1C75AA8100C415B0 /* touchUITests */ = {
			isa = PBXGroup;
			children = (
				FA9D68701C75AA8100C415B0 /* Info.plist */,
			);
			path = touchUITests;
			sourceTree = "<group>";
		};
		FAC247D21C76191A00666E5C /* model */ = {
			isa = PBXGroup;
			children = (
				FA3F5B711C855BE200B7180A /* AppUser.swift */,
				FAE426CD1C80F80D00078CED /* login */,
				FAFE89911C7B15C100B3F1AC /* core data */,
			);
			name = model;
			sourceTree = "<group>";
		};
		FAC247D31C76192000666E5C /* view */ = {
			isa = PBXGroup;
			children = (
				FA3F5B191C85566F00B7180A /* storyboards */,
				FAEBAD321C7F66EB00FC2355 /* shared */,
			);
			name = view;
			sourceTree = "<group>";
		};
		FAC247D41C76192700666E5C /* controller */ = {
			isa = PBXGroup;
			children = (
				FAEBAD311C7F66DD00FC2355 /* shared */,
				FAEA9A7F1C7E499500F63073 /* login */,
			);
			name = controller;
			sourceTree = "<group>";
		};
		FAC247D51C76193000666E5C /* app */ = {
			isa = PBXGroup;
			children = (
				FA3F5B781C855CBF00B7180A /* Info.plist */,
				FA3F5B2F1C855A9F00B7180A /* AppDelegate.swift */,
			);
			name = app;
			sourceTree = "<group>";
		};
		FAC247DB1C76252B00666E5C /* resources */ = {
			isa = PBXGroup;
			children = (
				FA3F5B1B1C855A3B00B7180A /* Localizable.strings */,
				FA3F5B1F1C855A6300B7180A /* Poppins-Bold.ttf */,
				FA3F5B201C855A6300B7180A /* Poppins-Light.ttf */,
				FA3F5B211C855A6300B7180A /* Poppins-Medium.ttf */,
				FA3F5B221C855A6300B7180A /* Poppins-Regular.ttf */,
				FA3F5B231C855A6300B7180A /* Poppins-SemiBold.ttf */,
				FA3F5B291C855A6E00B7180A /* Assets.xcassets */,
			);
			name = resources;
			path = ..;
			sourceTree = "<group>";
		};
		FAE426CD1C80F80D00078CED /* login */ = {
			isa = PBXGroup;
			children = (
				FA2E037F1C837E610016E14A /* LoginModel.swift */,
			);
			name = login;
			sourceTree = "<group>";
		};
		FAEA9A7F1C7E499500F63073 /* login */ = {
			isa = PBXGroup;
			children = (
				FA3F5B331C855AC700B7180A /* LoginController.swift */,
				FA3F5B351C855AC700B7180A /* SignUpController.swift */,
				FA3F5B341C855AC700B7180A /* PhoneVerificationController.swift */,
				FA8DF7231C8B78C90048DE4D /* PhoneConfirmationController.swift */,
			);
			name = login;
			sourceTree = "<group>";
		};
		FAEBAD311C7F66DD00FC2355 /* shared */ = {
			isa = PBXGroup;
			children = (
				FA3F5B391C855ACF00B7180A /* CountryPickerController.swift */,
			);
			name = shared;
			sourceTree = "<group>";
		};
		FAEBAD321C7F66EB00FC2355 /* shared */ = {
			isa = PBXGroup;
			children = (
				FA3F5B6F1C855BD500B7180A /* CountryPickerViewCell.swift */,
			);
			name = shared;
			sourceTree = "<group>";
		};
		FAFE898D1C7A5AB500B3F1AC /* model */ = {
			isa = PBXGroup;
			children = (
				FAFE898E1C7A5AD200B3F1AC /* AppUserSpec.swift */,
			);
			name = model;
			sourceTree = "<group>";
		};
		FAFE89901C7B15B300B3F1AC /* api */ = {
			isa = PBXGroup;
			children = (
				FA3F5B2B1C855A8900B7180A /* Api.swift */,
				FA3F5B2C1C855A8900B7180A /* WebAPI.swift */,
				FA8DF7251C8C8E950048DE4D /* RemoteJsonAPI.swift */,
				FA5021721C8E07D90095589F /* Json.swift */,
			);
			name = api;
			sourceTree = "<group>";
		};
		FAFE89911C7B15C100B3F1AC /* core data */ = {
			isa = PBXGroup;
			children = (
				FA3F5B731C855C0400B7180A /* touch.xcdatamodeld */,
			);
			name = "core data";
			sourceTree = "<group>";
		};
/* End PBXGroup section */

/* Begin PBXNativeTarget section */
		FA9D68471C75AA8100C415B0 /* touch */ = {
			isa = PBXNativeTarget;
			buildConfigurationList = FA9D68731C75AA8100C415B0 /* Build configuration list for PBXNativeTarget "touch" */;
			buildPhases = (
				B0654D8093E07E557D1D06C9 /* Check Pods Manifest.lock */,
				FA9D68441C75AA8100C415B0 /* Sources */,
				FA9D68451C75AA8100C415B0 /* Frameworks */,
				FA9D68461C75AA8100C415B0 /* Resources */,
				AB08C3148B64A46BA52C2E85 /* Embed Pods Frameworks */,
				0A11A53D12EB0AB50BB946AC /* Copy Pods Resources */,
			);
			buildRules = (
			);
			dependencies = (
			);
			name = touch;
			productName = touch;
			productReference = FA9D68481C75AA8100C415B0 /* touch.app */;
			productType = "com.apple.product-type.application";
		};
		FA9D685E1C75AA8100C415B0 /* touchTests */ = {
			isa = PBXNativeTarget;
			buildConfigurationList = FA9D68761C75AA8100C415B0 /* Build configuration list for PBXNativeTarget "touchTests" */;
			buildPhases = (
				CAFBC70BA4A91190FD58365A /* Check Pods Manifest.lock */,
				FA9D685B1C75AA8100C415B0 /* Sources */,
				FA9D685C1C75AA8100C415B0 /* Frameworks */,
				FA9D685D1C75AA8100C415B0 /* Resources */,
				6861683A02692858AB4A1535 /* Embed Pods Frameworks */,
				D514E18A17CB419E26BB9D6E /* Copy Pods Resources */,
			);
			buildRules = (
			);
			dependencies = (
				FA9D68611C75AA8100C415B0 /* PBXTargetDependency */,
			);
			name = touchTests;
			productName = touchTests;
			productReference = FA9D685F1C75AA8100C415B0 /* touchTests.xctest */;
			productType = "com.apple.product-type.bundle.unit-test";
		};
		FA9D68691C75AA8100C415B0 /* touchUITests */ = {
			isa = PBXNativeTarget;
			buildConfigurationList = FA9D68791C75AA8100C415B0 /* Build configuration list for PBXNativeTarget "touchUITests" */;
			buildPhases = (
				FA9D68661C75AA8100C415B0 /* Sources */,
				FA9D68671C75AA8100C415B0 /* Frameworks */,
				FA9D68681C75AA8100C415B0 /* Resources */,
			);
			buildRules = (
			);
			dependencies = (
				FA9D686C1C75AA8100C415B0 /* PBXTargetDependency */,
			);
			name = touchUITests;
			productName = touchUITests;
			productReference = FA9D686A1C75AA8100C415B0 /* touchUITests.xctest */;
			productType = "com.apple.product-type.bundle.ui-testing";
		};
/* End PBXNativeTarget section */

/* Begin PBXProject section */
		FA9D68401C75AA8100C415B0 /* Project object */ = {
			isa = PBXProject;
			attributes = {
				LastSwiftUpdateCheck = 0700;
				LastUpgradeCheck = 0700;
				ORGANIZATIONNAME = "Алексей Карасев";
				TargetAttributes = {
					FA9D68471C75AA8100C415B0 = {
						CreatedOnToolsVersion = 7.0.1;
					};
					FA9D685E1C75AA8100C415B0 = {
						CreatedOnToolsVersion = 7.0.1;
						TestTargetID = FA9D68471C75AA8100C415B0;
					};
					FA9D68691C75AA8100C415B0 = {
						CreatedOnToolsVersion = 7.0.1;
						TestTargetID = FA9D68471C75AA8100C415B0;
					};
				};
			};
			buildConfigurationList = FA9D68431C75AA8100C415B0 /* Build configuration list for PBXProject "touch" */;
			compatibilityVersion = "Xcode 3.2";
			developmentRegion = English;
			hasScannedForEncodings = 0;
			knownRegions = (
				en,
				Base,
				ru,
			);
			mainGroup = FA9D683F1C75AA8100C415B0;
			productRefGroup = FA9D68491C75AA8100C415B0 /* Products */;
			projectDirPath = "";
			projectRoot = "";
			targets = (
				FA9D68471C75AA8100C415B0 /* touch */,
				FA9D685E1C75AA8100C415B0 /* touchTests */,
				FA9D68691C75AA8100C415B0 /* touchUITests */,
			);
		};
/* End PBXProject section */

/* Begin PBXResourcesBuildPhase section */
		FA9D68461C75AA8100C415B0 /* Resources */ = {
			isa = PBXResourcesBuildPhase;
			buildActionMask = 2147483647;
			files = (
				FA3F5B1D1C855A3B00B7180A /* Localizable.strings in Resources */,
				FA3F5B281C855A6400B7180A /* Poppins-SemiBold.ttf in Resources */,
				FA3F5B241C855A6400B7180A /* Poppins-Bold.ttf in Resources */,
				FA3F5B5B1C855B8000B7180A /* Common.storyboard in Resources */,
				FA3F5B251C855A6400B7180A /* Poppins-Light.ttf in Resources */,
				FAA0753E1C75B8CF004BA66C /* .gitignore in Resources */,
				FA3F5B261C855A6400B7180A /* Poppins-Medium.ttf in Resources */,
				FA3F5B6A1C855BA700B7180A /* Main.storyboard in Resources */,
				FA3F5B2A1C855A6E00B7180A /* Assets.xcassets in Resources */,
				FA3F5B651C855B9900B7180A /* Login.storyboard in Resources */,
				FA3F5B271C855A6400B7180A /* Poppins-Regular.ttf in Resources */,
				FA3F5B601C855B8A00B7180A /* LaunchScreen.storyboard in Resources */,
			);
			runOnlyForDeploymentPostprocessing = 0;
		};
		FA9D685D1C75AA8100C415B0 /* Resources */ = {
			isa = PBXResourcesBuildPhase;
			buildActionMask = 2147483647;
			files = (
			);
			runOnlyForDeploymentPostprocessing = 0;
		};
		FA9D68681C75AA8100C415B0 /* Resources */ = {
			isa = PBXResourcesBuildPhase;
			buildActionMask = 2147483647;
			files = (
			);
			runOnlyForDeploymentPostprocessing = 0;
		};
/* End PBXResourcesBuildPhase section */

/* Begin PBXShellScriptBuildPhase section */
		0A11A53D12EB0AB50BB946AC /* Copy Pods Resources */ = {
			isa = PBXShellScriptBuildPhase;
			buildActionMask = 2147483647;
			files = (
			);
			inputPaths = (
			);
			name = "Copy Pods Resources";
			outputPaths = (
			);
			runOnlyForDeploymentPostprocessing = 0;
			shellPath = /bin/sh;
			shellScript = "\"${SRCROOT}/Pods/Target Support Files/Pods-touch/Pods-touch-resources.sh\"\n";
			showEnvVarsInLog = 0;
		};
		6861683A02692858AB4A1535 /* Embed Pods Frameworks */ = {
			isa = PBXShellScriptBuildPhase;
			buildActionMask = 2147483647;
			files = (
			);
			inputPaths = (
			);
			name = "Embed Pods Frameworks";
			outputPaths = (
			);
			runOnlyForDeploymentPostprocessing = 0;
			shellPath = /bin/sh;
			shellScript = "\"${SRCROOT}/Pods/Target Support Files/Pods-touchTests/Pods-touchTests-frameworks.sh\"\n";
			showEnvVarsInLog = 0;
		};
		AB08C3148B64A46BA52C2E85 /* Embed Pods Frameworks */ = {
			isa = PBXShellScriptBuildPhase;
			buildActionMask = 2147483647;
			files = (
			);
			inputPaths = (
			);
			name = "Embed Pods Frameworks";
			outputPaths = (
			);
			runOnlyForDeploymentPostprocessing = 0;
			shellPath = /bin/sh;
			shellScript = "\"${SRCROOT}/Pods/Target Support Files/Pods-touch/Pods-touch-frameworks.sh\"\n";
			showEnvVarsInLog = 0;
		};
		B0654D8093E07E557D1D06C9 /* Check Pods Manifest.lock */ = {
			isa = PBXShellScriptBuildPhase;
			buildActionMask = 2147483647;
			files = (
			);
			inputPaths = (
			);
			name = "Check Pods Manifest.lock";
			outputPaths = (
			);
			runOnlyForDeploymentPostprocessing = 0;
			shellPath = /bin/sh;
			shellScript = "diff \"${PODS_ROOT}/../Podfile.lock\" \"${PODS_ROOT}/Manifest.lock\" > /dev/null\nif [[ $? != 0 ]] ; then\n    cat << EOM\nerror: The sandbox is not in sync with the Podfile.lock. Run 'pod install' or update your CocoaPods installation.\nEOM\n    exit 1\nfi\n";
			showEnvVarsInLog = 0;
		};
		CAFBC70BA4A91190FD58365A /* Check Pods Manifest.lock */ = {
			isa = PBXShellScriptBuildPhase;
			buildActionMask = 2147483647;
			files = (
			);
			inputPaths = (
			);
			name = "Check Pods Manifest.lock";
			outputPaths = (
			);
			runOnlyForDeploymentPostprocessing = 0;
			shellPath = /bin/sh;
			shellScript = "diff \"${PODS_ROOT}/../Podfile.lock\" \"${PODS_ROOT}/Manifest.lock\" > /dev/null\nif [[ $? != 0 ]] ; then\n    cat << EOM\nerror: The sandbox is not in sync with the Podfile.lock. Run 'pod install' or update your CocoaPods installation.\nEOM\n    exit 1\nfi\n";
			showEnvVarsInLog = 0;
		};
		D514E18A17CB419E26BB9D6E /* Copy Pods Resources */ = {
			isa = PBXShellScriptBuildPhase;
			buildActionMask = 2147483647;
			files = (
			);
			inputPaths = (
			);
			name = "Copy Pods Resources";
			outputPaths = (
			);
			runOnlyForDeploymentPostprocessing = 0;
			shellPath = /bin/sh;
			shellScript = "\"${SRCROOT}/Pods/Target Support Files/Pods-touchTests/Pods-touchTests-resources.sh\"\n";
			showEnvVarsInLog = 0;
		};
/* End PBXShellScriptBuildPhase section */

/* Begin PBXSourcesBuildPhase section */
		FA9D68441C75AA8100C415B0 /* Sources */ = {
			isa = PBXSourcesBuildPhase;
			buildActionMask = 2147483647;
			files = (
				FA3F5B311C855A9F00B7180A /* AppDelegate.swift in Sources */,
				FA3F5B371C855AC700B7180A /* PhoneVerificationController.swift in Sources */,
				FA2E03801C837E610016E14A /* LoginModel.swift in Sources */,
				FA3F5B701C855BD500B7180A /* CountryPickerViewCell.swift in Sources */,
				FA3F5B721C855BE200B7180A /* AppUser.swift in Sources */,
				FA3F5B361C855AC700B7180A /* LoginController.swift in Sources */,
				FA3F5B3A1C855ACF00B7180A /* CountryPickerController.swift in Sources */,
				FA5021711C8D8D1C0095589F /* UIUtils.swift in Sources */,
				FA3F5B2D1C855A8900B7180A /* Api.swift in Sources */,
				FA0847891C7C62CE0058FB57 /* Utils.swift in Sources */,
				FA8DF7261C8C8E950048DE4D /* RemoteJsonAPI.swift in Sources */,
				FA50216F1C8D8C420095589F /* TextUtils.swift in Sources */,
				FA3F5B751C855C0400B7180A /* touch.xcdatamodeld in Sources */,
				FA8DF7241C8B78C90048DE4D /* PhoneConfirmationController.swift in Sources */,
				FA3F5B381C855AC700B7180A /* SignUpController.swift in Sources */,
				FA5021731C8E07D90095589F /* Json.swift in Sources */,
				FA3F5B2E1C855A8900B7180A /* WebAPI.swift in Sources */,
			);
			runOnlyForDeploymentPostprocessing = 0;
		};
		FA9D685B1C75AA8100C415B0 /* Sources */ = {
			isa = PBXSourcesBuildPhase;
			buildActionMask = 2147483647;
			files = (
				FAFE898F1C7A5AD200B3F1AC /* AppUserSpec.swift in Sources */,
			);
			runOnlyForDeploymentPostprocessing = 0;
		};
		FA9D68661C75AA8100C415B0 /* Sources */ = {
			isa = PBXSourcesBuildPhase;
			buildActionMask = 2147483647;
			files = (
			);
			runOnlyForDeploymentPostprocessing = 0;
		};
/* End PBXSourcesBuildPhase section */

/* Begin PBXTargetDependency section */
		FA9D68611C75AA8100C415B0 /* PBXTargetDependency */ = {
			isa = PBXTargetDependency;
			target = FA9D68471C75AA8100C415B0 /* touch */;
			targetProxy = FA9D68601C75AA8100C415B0 /* PBXContainerItemProxy */;
		};
		FA9D686C1C75AA8100C415B0 /* PBXTargetDependency */ = {
			isa = PBXTargetDependency;
			target = FA9D68471C75AA8100C415B0 /* touch */;
			targetProxy = FA9D686B1C75AA8100C415B0 /* PBXContainerItemProxy */;
		};
/* End PBXTargetDependency section */

/* Begin PBXVariantGroup section */
		FA3F5B1B1C855A3B00B7180A /* Localizable.strings */ = {
			isa = PBXVariantGroup;
			children = (
				FA3F5B1C1C855A3B00B7180A /* Base */,
				FA3F5B1E1C855A4600B7180A /* ru */,
			);
			name = Localizable.strings;
			sourceTree = "<group>";
		};
		FA3F5B5D1C855B8000B7180A /* Common.storyboard */ = {
			isa = PBXVariantGroup;
			children = (
				FA3F5B5C1C855B8000B7180A /* Base */,
				FA3F5B5F1C855B8300B7180A /* ru */,
			);
			name = Common.storyboard;
			path = view/storyboards;
			sourceTree = "<group>";
		};
		FA3F5B621C855B8A00B7180A /* LaunchScreen.storyboard */ = {
			isa = PBXVariantGroup;
			children = (
				FA3F5B611C855B8A00B7180A /* Base */,
				FA3F5B641C855B9300B7180A /* ru */,
			);
			name = LaunchScreen.storyboard;
			path = view/storyboards;
			sourceTree = "<group>";
		};
		FA3F5B671C855B9900B7180A /* Login.storyboard */ = {
			isa = PBXVariantGroup;
			children = (
				FA3F5B661C855B9900B7180A /* Base */,
				FA3F5B691C855B9C00B7180A /* ru */,
			);
			name = Login.storyboard;
			path = view/storyboards;
			sourceTree = "<group>";
		};
		FA3F5B6C1C855BA700B7180A /* Main.storyboard */ = {
			isa = PBXVariantGroup;
			children = (
				FA3F5B6B1C855BA700B7180A /* Base */,
				FA3F5B6E1C855BAA00B7180A /* ru */,
			);
			name = Main.storyboard;
			path = view/storyboards;
			sourceTree = "<group>";
		};
/* End PBXVariantGroup section */

/* Begin XCBuildConfiguration section */
		FA9D68711C75AA8100C415B0 /* Debug */ = {
			isa = XCBuildConfiguration;
			buildSettings = {
				ALWAYS_SEARCH_USER_PATHS = NO;
				CLANG_CXX_LANGUAGE_STANDARD = "gnu++0x";
				CLANG_CXX_LIBRARY = "libc++";
				CLANG_ENABLE_MODULES = YES;
				CLANG_ENABLE_OBJC_ARC = YES;
				CLANG_WARN_BOOL_CONVERSION = YES;
				CLANG_WARN_CONSTANT_CONVERSION = YES;
				CLANG_WARN_DIRECT_OBJC_ISA_USAGE = YES_ERROR;
				CLANG_WARN_EMPTY_BODY = YES;
				CLANG_WARN_ENUM_CONVERSION = YES;
				CLANG_WARN_INT_CONVERSION = YES;
				CLANG_WARN_OBJC_ROOT_CLASS = YES_ERROR;
				CLANG_WARN_UNREACHABLE_CODE = YES;
				CLANG_WARN__DUPLICATE_METHOD_MATCH = YES;
				"CODE_SIGN_IDENTITY[sdk=iphoneos*]" = "iPhone Developer";
				COPY_PHASE_STRIP = NO;
				DEBUG_INFORMATION_FORMAT = dwarf;
				ENABLE_STRICT_OBJC_MSGSEND = YES;
				ENABLE_TESTABILITY = YES;
				GCC_C_LANGUAGE_STANDARD = gnu99;
				GCC_DYNAMIC_NO_PIC = NO;
				GCC_NO_COMMON_BLOCKS = YES;
				GCC_OPTIMIZATION_LEVEL = 0;
				GCC_PREPROCESSOR_DEFINITIONS = (
					"DEBUG=1",
					"$(inherited)",
				);
				GCC_WARN_64_TO_32_BIT_CONVERSION = YES;
				GCC_WARN_ABOUT_RETURN_TYPE = YES_ERROR;
				GCC_WARN_UNDECLARED_SELECTOR = YES;
				GCC_WARN_UNINITIALIZED_AUTOS = YES_AGGRESSIVE;
				GCC_WARN_UNUSED_FUNCTION = YES;
				GCC_WARN_UNUSED_VARIABLE = YES;
				IPHONEOS_DEPLOYMENT_TARGET = 9.0;
				MTL_ENABLE_DEBUG_INFO = YES;
				ONLY_ACTIVE_ARCH = YES;
				OTHER_SWIFT_FLAGS = "-DDEBUG";
				SDKROOT = iphoneos;
				SWIFT_OPTIMIZATION_LEVEL = "-Onone";
			};
			name = Debug;
		};
		FA9D68721C75AA8100C415B0 /* Release */ = {
			isa = XCBuildConfiguration;
			buildSettings = {
				ALWAYS_SEARCH_USER_PATHS = NO;
				CLANG_CXX_LANGUAGE_STANDARD = "gnu++0x";
				CLANG_CXX_LIBRARY = "libc++";
				CLANG_ENABLE_MODULES = YES;
				CLANG_ENABLE_OBJC_ARC = YES;
				CLANG_WARN_BOOL_CONVERSION = YES;
				CLANG_WARN_CONSTANT_CONVERSION = YES;
				CLANG_WARN_DIRECT_OBJC_ISA_USAGE = YES_ERROR;
				CLANG_WARN_EMPTY_BODY = YES;
				CLANG_WARN_ENUM_CONVERSION = YES;
				CLANG_WARN_INT_CONVERSION = YES;
				CLANG_WARN_OBJC_ROOT_CLASS = YES_ERROR;
				CLANG_WARN_UNREACHABLE_CODE = YES;
				CLANG_WARN__DUPLICATE_METHOD_MATCH = YES;
				"CODE_SIGN_IDENTITY[sdk=iphoneos*]" = "iPhone Developer";
				COPY_PHASE_STRIP = NO;
				DEBUG_INFORMATION_FORMAT = "dwarf-with-dsym";
				ENABLE_NS_ASSERTIONS = NO;
				ENABLE_STRICT_OBJC_MSGSEND = YES;
				GCC_C_LANGUAGE_STANDARD = gnu99;
				GCC_NO_COMMON_BLOCKS = YES;
				GCC_WARN_64_TO_32_BIT_CONVERSION = YES;
				GCC_WARN_ABOUT_RETURN_TYPE = YES_ERROR;
				GCC_WARN_UNDECLARED_SELECTOR = YES;
				GCC_WARN_UNINITIALIZED_AUTOS = YES_AGGRESSIVE;
				GCC_WARN_UNUSED_FUNCTION = YES;
				GCC_WARN_UNUSED_VARIABLE = YES;
				IPHONEOS_DEPLOYMENT_TARGET = 9.0;
				MTL_ENABLE_DEBUG_INFO = NO;
				OTHER_SWIFT_FLAGS = "-DRELEASE";
				SDKROOT = iphoneos;
				VALIDATE_PRODUCT = YES;
			};
			name = Release;
		};
		FA9D68741C75AA8100C415B0 /* Debug */ = {
			isa = XCBuildConfiguration;
			baseConfigurationReference = 150DAE23696790EC0CF90F8A /* Pods-touch.debug.xcconfig */;
			buildSettings = {
				ASSETCATALOG_COMPILER_APPICON_NAME = AppIcon;
				INFOPLIST_FILE = touch/Info.plist;
				IPHONEOS_DEPLOYMENT_TARGET = 8.0;
				LD_RUNPATH_SEARCH_PATHS = "$(inherited) @executable_path/Frameworks";
				PRODUCT_BUNDLE_IDENTIFIER = ru.alexeykarasev.touch;
				PRODUCT_NAME = "$(TARGET_NAME)";
				WEB_API_URL = "http://localhost:3000";
			};
			name = Debug;
		};
		FA9D68751C75AA8100C415B0 /* Release */ = {
			isa = XCBuildConfiguration;
			baseConfigurationReference = B2CDC3835861066F942CE484 /* Pods-touch.release.xcconfig */;
			buildSettings = {
				ASSETCATALOG_COMPILER_APPICON_NAME = AppIcon;
				INFOPLIST_FILE = touch/Info.plist;
				IPHONEOS_DEPLOYMENT_TARGET = 8.0;
				LD_RUNPATH_SEARCH_PATHS = "$(inherited) @executable_path/Frameworks";
				PRODUCT_BUNDLE_IDENTIFIER = ru.alexeykarasev.touch;
				PRODUCT_NAME = "$(TARGET_NAME)";
				WEB_API_URL = TBA;
			};
			name = Release;
		};
		FA9D68771C75AA8100C415B0 /* Debug */ = {
			isa = XCBuildConfiguration;
			baseConfigurationReference = 95E3D31E9C3386D17E06475B /* Pods-touchTests.debug.xcconfig */;
			buildSettings = {
				BUNDLE_LOADER = "$(TEST_HOST)";
				CLANG_ENABLE_MODULES = YES;
				INFOPLIST_FILE = touchTests/Info.plist;
				LD_RUNPATH_SEARCH_PATHS = "$(inherited) @executable_path/Frameworks @loader_path/Frameworks";
				PRODUCT_BUNDLE_IDENTIFIER = ru.alexeykarasev.touchTests;
				PRODUCT_NAME = "$(TARGET_NAME)";
				SWIFT_OPTIMIZATION_LEVEL = "-Onone";
				TEST_HOST = "$(BUILT_PRODUCTS_DIR)/touch.app/touch";
			};
			name = Debug;
		};
		FA9D68781C75AA8100C415B0 /* Release */ = {
			isa = XCBuildConfiguration;
			baseConfigurationReference = 7CFE1BAF65024DBD2D629132 /* Pods-touchTests.release.xcconfig */;
			buildSettings = {
				BUNDLE_LOADER = "$(TEST_HOST)";
				CLANG_ENABLE_MODULES = YES;
				INFOPLIST_FILE = touchTests/Info.plist;
				LD_RUNPATH_SEARCH_PATHS = "$(inherited) @executable_path/Frameworks @loader_path/Frameworks";
				PRODUCT_BUNDLE_IDENTIFIER = ru.alexeykarasev.touchTests;
				PRODUCT_NAME = "$(TARGET_NAME)";
				TEST_HOST = "$(BUILT_PRODUCTS_DIR)/touch.app/touch";
			};
			name = Release;
		};
		FA9D687A1C75AA8100C415B0 /* Debug */ = {
			isa = XCBuildConfiguration;
			buildSettings = {
				INFOPLIST_FILE = touchUITests/Info.plist;
				LD_RUNPATH_SEARCH_PATHS = "$(inherited) @executable_path/Frameworks @loader_path/Frameworks";
				PRODUCT_BUNDLE_IDENTIFIER = ru.alexeykarasev.touchUITests;
				PRODUCT_NAME = "$(TARGET_NAME)";
				TEST_TARGET_NAME = touch;
				USES_XCTRUNNER = YES;
			};
			name = Debug;
		};
		FA9D687B1C75AA8100C415B0 /* Release */ = {
			isa = XCBuildConfiguration;
			buildSettings = {
				INFOPLIST_FILE = touchUITests/Info.plist;
				LD_RUNPATH_SEARCH_PATHS = "$(inherited) @executable_path/Frameworks @loader_path/Frameworks";
				PRODUCT_BUNDLE_IDENTIFIER = ru.alexeykarasev.touchUITests;
				PRODUCT_NAME = "$(TARGET_NAME)";
				TEST_TARGET_NAME = touch;
				USES_XCTRUNNER = YES;
			};
			name = Release;
		};
/* End XCBuildConfiguration section */

/* Begin XCConfigurationList section */
		FA9D68431C75AA8100C415B0 /* Build configuration list for PBXProject "touch" */ = {
			isa = XCConfigurationList;
			buildConfigurations = (
				FA9D68711C75AA8100C415B0 /* Debug */,
				FA9D68721C75AA8100C415B0 /* Release */,
			);
			defaultConfigurationIsVisible = 0;
			defaultConfigurationName = Release;
		};
		FA9D68731C75AA8100C415B0 /* Build configuration list for PBXNativeTarget "touch" */ = {
			isa = XCConfigurationList;
			buildConfigurations = (
				FA9D68741C75AA8100C415B0 /* Debug */,
				FA9D68751C75AA8100C415B0 /* Release */,
			);
			defaultConfigurationIsVisible = 0;
			defaultConfigurationName = Release;
		};
		FA9D68761C75AA8100C415B0 /* Build configuration list for PBXNativeTarget "touchTests" */ = {
			isa = XCConfigurationList;
			buildConfigurations = (
				FA9D68771C75AA8100C415B0 /* Debug */,
				FA9D68781C75AA8100C415B0 /* Release */,
			);
			defaultConfigurationIsVisible = 0;
			defaultConfigurationName = Release;
		};
		FA9D68791C75AA8100C415B0 /* Build configuration list for PBXNativeTarget "touchUITests" */ = {
			isa = XCConfigurationList;
			buildConfigurations = (
				FA9D687A1C75AA8100C415B0 /* Debug */,
				FA9D687B1C75AA8100C415B0 /* Release */,
			);
			defaultConfigurationIsVisible = 0;
			defaultConfigurationName = Release;
		};
/* End XCConfigurationList section */

/* Begin XCVersionGroup section */
		FA3F5B731C855C0400B7180A /* touch.xcdatamodeld */ = {
			isa = XCVersionGroup;
			children = (
				FA3F5B741C855C0400B7180A /* touch.xcdatamodel */,
			);
			currentVersion = FA3F5B741C855C0400B7180A /* touch.xcdatamodel */;
			name = touch.xcdatamodeld;
			path = "model/core data/touch.xcdatamodeld";
			sourceTree = "<group>";
			versionGroupType = wrapper.xcdatamodel;
		};
/* End XCVersionGroup section */
	};
	rootObject = FA9D68401C75AA8100C415B0 /* Project object */;
}
